
Microsoft Visual Studio Solution File, Format Version 12.00
# Visual Studio Version 17
VisualStudioVersion = 17.5.33424.131
MinimumVisualStudioVersion = 10.0.40219.1
Project("{FAE04EC0-301F-11D3-BF4B-00C04F79EFBC}") = "ImageAPP", "ImageAPP\ImageAPP.csproj", "{AD9AA640-9972-4339-88E6-203C650D532C}"
EndProject
Global
	GlobalSection(SolutionConfigurationPlatforms) = preSolution
		Debug|Any CPU = Debug|Any CPU
		Release|Any CPU = Release|Any CPU
	EndGlobalSection
	GlobalSection(ProjectConfigurationPlatforms) = postSolution
		{AD9AA640-9972-4339-88E6-203C650D532C}.Debug|Any CPU.ActiveCfg = Debug|Any CPU
		{AD9AA640-9972-4339-88E6-203C650D532C}.Debug|Any CPU.Build.0 = Debug|Any CPU
		{AD9AA640-9972-4339-88E6-203C650D532C}.Release|Any CPU.ActiveCfg = Release|Any CPU
		{AD9AA640-9972-4339-88E6-203C650D532C}.Release|Any CPU.Build.0 = Release|Any CPU
	EndGlobalSection
	GlobalSection(SolutionProperties) = preSolution
		HideSolutionNode = FALSE
	EndGlobalSection
	GlobalSection(ExtensibilityGlobals) = postSolution
		SolutionGuid = {B17025F0-91BC-45FF-88D0-41C24A18CA8E}
	EndGlobalSection
EndGlobal
